Microsoft Visual Studio Solution File, Format Version 12.00
# Visual Studio 15
VisualStudioVersion = 15.0.26430.14
MinimumVisualStudioVersion = 10.0.40219.1
Project("{FAE04EC0-301F-11D3-BF4B-00C04F79EFBC}") = "BouncerAPI.Standard", "BouncerAPI.Standard/BouncerAPI.Standard.csproj", "{a0785b83-1bc3-4364-a6fc-b53c4a718b4b}"
EndProject
Project("{FAE04EC0-301F-11D3-BF4B-00C04F79EFBC}") = "BouncerAPI.Tests", "BouncerAPI.Tests/BouncerAPI.Tests.csproj", "{57e5dbab-a296-4dfe-9459-c4680adbb0c2}"
EndProject
Global
    GlobalSection(SolutionConfigurationPlatforms) = preSolution
        Debug|Any CPU = Debug|Any CPU
        Release|Any CPU = Release|Any CPU
    EndGlobalSection
    GlobalSection(ProjectConfigurationPlatforms) = postSolution
        {a0785b83-1bc3-4364-a6fc-b53c4a718b4b}.Debug|Any CPU.ActiveCfg = Debug|Any CPU
        {a0785b83-1bc3-4364-a6fc-b53c4a718b4b}.Debug|Any CPU.Build.0 = Debug|Any CPU
        {a0785b83-1bc3-4364-a6fc-b53c4a718b4b}.Release|Any CPU.ActiveCfg = Release|Any CPU
        {a0785b83-1bc3-4364-a6fc-b53c4a718b4b}.Release|Any CPU.Build.0 = Release|Any CPU
        {57e5dbab-a296-4dfe-9459-c4680adbb0c2}.Debug|Any CPU.ActiveCfg = Debug|Any CPU
        {57e5dbab-a296-4dfe-9459-c4680adbb0c2}.Debug|Any CPU.Build.0 = Debug|Any CPU
        {57e5dbab-a296-4dfe-9459-c4680adbb0c2}.Release|Any CPU.ActiveCfg = Release|Any CPU
        {57e5dbab-a296-4dfe-9459-c4680adbb0c2}.Release|Any CPU.Build.0 = Release|Any CPU
    EndGlobalSection
    GlobalSection(SolutionProperties) = preSolution
        HideSolutionNode = FALSE
    EndGlobalSection
EndGlobal
