
Microsoft Visual Studio Solution File, Format Version 12.00
# Visual Studio Version 16
VisualStudioVersion = 16.0.28729.10
MinimumVisualStudioVersion = 10.0.40219.1
Project("{FAE04EC0-301F-11D3-BF4B-00C04F79EFBC}") = "SampleBouncerApiClient", "SampleBouncerApiClient\SampleBouncerApiClient.csproj", "{E14C26C7-5923-4EF0-96EB-49BA484FFB38}"
EndProject
Project("{9A19103F-16F7-4668-BE54-9A1E7A4F7556}") = "BouncerAPI.Standard", "..\..\sdk\csharp\BouncerAPI.Standard\BouncerAPI.Standard.csproj", "{A9F38771-F793-41D3-AB8D-31FBCFD60FEB}"
EndProject
Global
	GlobalSection(SolutionConfigurationPlatforms) = preSolution
		Debug|Any CPU = Debug|Any CPU
		Release|Any CPU = Release|Any CPU
	EndGlobalSection
	GlobalSection(ProjectConfigurationPlatforms) = postSolution
		{E14C26C7-5923-4EF0-96EB-49BA484FFB38}.Debug|Any CPU.ActiveCfg = Debug|Any CPU
		{E14C26C7-5923-4EF0-96EB-49BA484FFB38}.Debug|Any CPU.Build.0 = Debug|Any CPU
		{E14C26C7-5923-4EF0-96EB-49BA484FFB38}.Release|Any CPU.ActiveCfg = Release|Any CPU
		{E14C26C7-5923-4EF0-96EB-49BA484FFB38}.Release|Any CPU.Build.0 = Release|Any CPU
		{A9F38771-F793-41D3-AB8D-31FBCFD60FEB}.Debug|Any CPU.ActiveCfg = Debug|Any CPU
		{A9F38771-F793-41D3-AB8D-31FBCFD60FEB}.Debug|Any CPU.Build.0 = Debug|Any CPU
		{A9F38771-F793-41D3-AB8D-31FBCFD60FEB}.Release|Any CPU.ActiveCfg = Release|Any CPU
		{A9F38771-F793-41D3-AB8D-31FBCFD60FEB}.Release|Any CPU.Build.0 = Release|Any CPU
	EndGlobalSection
	GlobalSection(SolutionProperties) = preSolution
		HideSolutionNode = FALSE
	EndGlobalSection
	GlobalSection(ExtensibilityGlobals) = postSolution
		SolutionGuid = {6B06CF2B-692A-4A0A-86D9-104E7307BA06}
	EndGlobalSection
EndGlobal
